
Microsoft Visual Studio Solution File, Format Version 12.00
# Visual Studio 2012
Project("{8BC9CEB8-8B4A-11D0-8D11-00A0C91BC942}") = "DSA_Merge_Sort", "DSA_Merge_Sort\DSA_Merge_Sort.vcxproj", "{2624BC92-3F91-42C4-BB0D-C7F7B143ABCC}"
EndProject
Global
	GlobalSection(SolutionConfigurationPlatforms) = preSolution
		Debug|Win32 = Debug|Win32
		Release|Win32 = Release|Win32
	EndGlobalSection
	GlobalSection(ProjectConfigurationPlatforms) = postSolution
		{2624BC92-3F91-42C4-BB0D-C7F7B143ABCC}.Debug|Win32.ActiveCfg = Debug|Win32
		{2624BC92-3F91-42C4-BB0D-C7F7B143ABCC}.Debug|Win32.Build.0 = Debug|Win32
		{2624BC92-3F91-42C4-BB0D-C7F7B143ABCC}.Release|Win32.ActiveCfg = Release|Win32
		{2624BC92-3F91-42C4-BB0D-C7F7B143ABCC}.Release|Win32.Build.0 = Release|Win32
	EndGlobalSection
	GlobalSection(SolutionProperties) = preSolution
		HideSolutionNode = FALSE
	EndGlobalSection
EndGlobal
